
Microsoft Visual Studio Solution File, Format Version 12.00
# Visual Studio Version 17
VisualStudioVersion = 17.5.33424.131
MinimumVisualStudioVersion = 10.0.40219.1
Project("{F184B08F-C81C-45F6-A57F-5ABD9991F28F}") = "Wangk.Resource", "Wangk.Resource\Wangk.Resource.vbproj", "{04C22BE8-FFAB-4267-945B-282F72F4FC63}"
EndProject
Project("{F184B08F-C81C-45F6-A57F-5ABD9991F28F}") = "Wangk.ResourceWPF", "Wangk.ResourceWPF\Wangk.ResourceWPF.vbproj", "{7D4CE795-D8E9-426F-80B6-D3399E5D8D9A}"
EndProject
Project("{F184B08F-C81C-45F6-A57F-5ABD9991F28F}") = "DownloadUpdate", "DownloadUpdate\DownloadUpdate.vbproj", "{8C3B485E-B3D9-4286-939A-13B68FFD8F27}"
EndProject
Project("{F184B08F-C81C-45F6-A57F-5ABD9991F28F}") = "Wangk.Hash", "Wangk.Hash\Wangk.Hash.vbproj", "{93A3D809-A891-4CF0-BAEA-1EBA4933E19B}"
EndProject
Global
	GlobalSection(SolutionConfigurationPlatforms) = preSolution
		Debug|Any CPU = Debug|Any CPU
		Debug|x86 = Debug|x86
		Release|Any CPU = Release|Any CPU
		Release|x86 = Release|x86
	EndGlobalSection
	GlobalSection(ProjectConfigurationPlatforms) = postSolution
		{04C22BE8-FFAB-4267-945B-282F72F4FC63}.Debug|Any CPU.ActiveCfg = Debug|Any CPU
		{04C22BE8-FFAB-4267-945B-282F72F4FC63}.Debug|Any CPU.Build.0 = Debug|Any CPU
		{04C22BE8-FFAB-4267-945B-282F72F4FC63}.Debug|x86.ActiveCfg = Debug|x86
		{04C22BE8-FFAB-4267-945B-282F72F4FC63}.Debug|x86.Build.0 = Debug|x86
		{04C22BE8-FFAB-4267-945B-282F72F4FC63}.Release|Any CPU.ActiveCfg = Release|Any CPU
		{04C22BE8-FFAB-4267-945B-282F72F4FC63}.Release|Any CPU.Build.0 = Release|Any CPU
		{04C22BE8-FFAB-4267-945B-282F72F4FC63}.Release|x86.ActiveCfg = Release|x86
		{04C22BE8-FFAB-4267-945B-282F72F4FC63}.Release|x86.Build.0 = Release|x86
		{7D4CE795-D8E9-426F-80B6-D3399E5D8D9A}.Debug|Any CPU.ActiveCfg = Debug|Any CPU
		{7D4CE795-D8E9-426F-80B6-D3399E5D8D9A}.Debug|Any CPU.Build.0 = Debug|Any CPU
		{7D4CE795-D8E9-426F-80B6-D3399E5D8D9A}.Debug|x86.ActiveCfg = Debug|x86
		{7D4CE795-D8E9-426F-80B6-D3399E5D8D9A}.Debug|x86.Build.0 = Debug|x86
		{7D4CE795-D8E9-426F-80B6-D3399E5D8D9A}.Release|Any CPU.ActiveCfg = Release|Any CPU
		{7D4CE795-D8E9-426F-80B6-D3399E5D8D9A}.Release|Any CPU.Build.0 = Release|Any CPU
		{7D4CE795-D8E9-426F-80B6-D3399E5D8D9A}.Release|x86.ActiveCfg = Release|x86
		{7D4CE795-D8E9-426F-80B6-D3399E5D8D9A}.Release|x86.Build.0 = Release|x86
		{8C3B485E-B3D9-4286-939A-13B68FFD8F27}.Debug|Any CPU.ActiveCfg = Debug|Any CPU
		{8C3B485E-B3D9-4286-939A-13B68FFD8F27}.Debug|Any CPU.Build.0 = Debug|Any CPU
		{8C3B485E-B3D9-4286-939A-13B68FFD8F27}.Debug|x86.ActiveCfg = Debug|x86
		{8C3B485E-B3D9-4286-939A-13B68FFD8F27}.Debug|x86.Build.0 = Debug|x86
		{8C3B485E-B3D9-4286-939A-13B68FFD8F27}.Release|Any CPU.ActiveCfg = Release|Any CPU
		{8C3B485E-B3D9-4286-939A-13B68FFD8F27}.Release|Any CPU.Build.0 = Release|Any CPU
		{8C3B485E-B3D9-4286-939A-13B68FFD8F27}.Release|x86.ActiveCfg = Release|x86
		{8C3B485E-B3D9-4286-939A-13B68FFD8F27}.Release|x86.Build.0 = Release|x86
		{93A3D809-A891-4CF0-BAEA-1EBA4933E19B}.Debug|Any CPU.ActiveCfg = Debug|Any CPU
		{93A3D809-A891-4CF0-BAEA-1EBA4933E19B}.Debug|Any CPU.Build.0 = Debug|Any CPU
		{93A3D809-A891-4CF0-BAEA-1EBA4933E19B}.Debug|x86.ActiveCfg = Debug|Any CPU
		{93A3D809-A891-4CF0-BAEA-1EBA4933E19B}.Debug|x86.Build.0 = Debug|Any CPU
		{93A3D809-A891-4CF0-BAEA-1EBA4933E19B}.Release|Any CPU.ActiveCfg = Release|Any CPU
		{93A3D809-A891-4CF0-BAEA-1EBA4933E19B}.Release|Any CPU.Build.0 = Release|Any CPU
		{93A3D809-A891-4CF0-BAEA-1EBA4933E19B}.Release|x86.ActiveCfg = Release|Any CPU
		{93A3D809-A891-4CF0-BAEA-1EBA4933E19B}.Release|x86.Build.0 = Release|Any CPU
	EndGlobalSection
	GlobalSection(SolutionProperties) = preSolution
		HideSolutionNode = FALSE
	EndGlobalSection
	GlobalSection(ExtensibilityGlobals) = postSolution
		SolutionGuid = {E5EB8766-D69B-464D-B8F2-2C749BC62AA9}
	EndGlobalSection
EndGlobal
