
Microsoft Visual Studio Solution File, Format Version 12.00
# Visual Studio Version 16
VisualStudioVersion = 16.0.29613.14
MinimumVisualStudioVersion = 10.0.40219.1
Project("{F184B08F-C81C-45F6-A57F-5ABD9991F28F}") = "Wangk.Tools", "Wangk.Tools\Wangk.Tools.vbproj", "{C1199BF9-7FE5-4D8A-92D5-CE578E760F47}"
EndProject
Project("{F184B08F-C81C-45F6-A57F-5ABD9991F28F}") = "Wangk.Resource", "Wangk.Resource\Wangk.Resource.vbproj", "{04C22BE8-FFAB-4267-945B-282F72F4FC63}"
EndProject
Project("{F184B08F-C81C-45F6-A57F-5ABD9991F28F}") = "Wangk.Hash", "Wangk.Hash\Wangk.Hash.vbproj", "{482D7800-C663-476E-9744-60D5D592ADA5}"
EndProject
Global
	GlobalSection(SolutionConfigurationPlatforms) = preSolution
		Debug|Any CPU = Debug|Any CPU
		Debug|x64 = Debug|x64
		Debug|x86 = Debug|x86
		Release|Any CPU = Release|Any CPU
		Release|x64 = Release|x64
		Release|x86 = Release|x86
	EndGlobalSection
	GlobalSection(ProjectConfigurationPlatforms) = postSolution
		{C1199BF9-7FE5-4D8A-92D5-CE578E760F47}.Debug|Any CPU.ActiveCfg = Debug|Any CPU
		{C1199BF9-7FE5-4D8A-92D5-CE578E760F47}.Debug|Any CPU.Build.0 = Debug|Any CPU
		{C1199BF9-7FE5-4D8A-92D5-CE578E760F47}.Debug|x64.ActiveCfg = Debug|x64
		{C1199BF9-7FE5-4D8A-92D5-CE578E760F47}.Debug|x64.Build.0 = Debug|x64
		{C1199BF9-7FE5-4D8A-92D5-CE578E760F47}.Debug|x86.ActiveCfg = Debug|x86
		{C1199BF9-7FE5-4D8A-92D5-CE578E760F47}.Debug|x86.Build.0 = Debug|x86
		{C1199BF9-7FE5-4D8A-92D5-CE578E760F47}.Release|Any CPU.ActiveCfg = Release|Any CPU
		{C1199BF9-7FE5-4D8A-92D5-CE578E760F47}.Release|Any CPU.Build.0 = Release|Any CPU
		{C1199BF9-7FE5-4D8A-92D5-CE578E760F47}.Release|x64.ActiveCfg = Release|x64
		{C1199BF9-7FE5-4D8A-92D5-CE578E760F47}.Release|x64.Build.0 = Release|x64
		{C1199BF9-7FE5-4D8A-92D5-CE578E760F47}.Release|x86.ActiveCfg = Release|x86
		{C1199BF9-7FE5-4D8A-92D5-CE578E760F47}.Release|x86.Build.0 = Release|x86
		{04C22BE8-FFAB-4267-945B-282F72F4FC63}.Debug|Any CPU.ActiveCfg = Debug|Any CPU
		{04C22BE8-FFAB-4267-945B-282F72F4FC63}.Debug|Any CPU.Build.0 = Debug|Any CPU
		{04C22BE8-FFAB-4267-945B-282F72F4FC63}.Debug|x64.ActiveCfg = Debug|x64
		{04C22BE8-FFAB-4267-945B-282F72F4FC63}.Debug|x64.Build.0 = Debug|x64
		{04C22BE8-FFAB-4267-945B-282F72F4FC63}.Debug|x86.ActiveCfg = Debug|x86
		{04C22BE8-FFAB-4267-945B-282F72F4FC63}.Debug|x86.Build.0 = Debug|x86
		{04C22BE8-FFAB-4267-945B-282F72F4FC63}.Release|Any CPU.ActiveCfg = Release|Any CPU
		{04C22BE8-FFAB-4267-945B-282F72F4FC63}.Release|Any CPU.Build.0 = Release|Any CPU
		{04C22BE8-FFAB-4267-945B-282F72F4FC63}.Release|x64.ActiveCfg = Release|x64
		{04C22BE8-FFAB-4267-945B-282F72F4FC63}.Release|x64.Build.0 = Release|x64
		{04C22BE8-FFAB-4267-945B-282F72F4FC63}.Release|x86.ActiveCfg = Release|x86
		{04C22BE8-FFAB-4267-945B-282F72F4FC63}.Release|x86.Build.0 = Release|x86
		{482D7800-C663-476E-9744-60D5D592ADA5}.Debug|Any CPU.ActiveCfg = Debug|Any CPU
		{482D7800-C663-476E-9744-60D5D592ADA5}.Debug|Any CPU.Build.0 = Debug|Any CPU
		{482D7800-C663-476E-9744-60D5D592ADA5}.Debug|x64.ActiveCfg = Debug|x64
		{482D7800-C663-476E-9744-60D5D592ADA5}.Debug|x64.Build.0 = Debug|x64
		{482D7800-C663-476E-9744-60D5D592ADA5}.Debug|x86.ActiveCfg = Debug|x86
		{482D7800-C663-476E-9744-60D5D592ADA5}.Debug|x86.Build.0 = Debug|x86
		{482D7800-C663-476E-9744-60D5D592ADA5}.Release|Any CPU.ActiveCfg = Release|Any CPU
		{482D7800-C663-476E-9744-60D5D592ADA5}.Release|Any CPU.Build.0 = Release|Any CPU
		{482D7800-C663-476E-9744-60D5D592ADA5}.Release|x64.ActiveCfg = Release|x64
		{482D7800-C663-476E-9744-60D5D592ADA5}.Release|x64.Build.0 = Release|x64
		{482D7800-C663-476E-9744-60D5D592ADA5}.Release|x86.ActiveCfg = Release|x86
		{482D7800-C663-476E-9744-60D5D592ADA5}.Release|x86.Build.0 = Release|x86
	EndGlobalSection
	GlobalSection(SolutionProperties) = preSolution
		HideSolutionNode = FALSE
	EndGlobalSection
	GlobalSection(ExtensibilityGlobals) = postSolution
		SolutionGuid = {E5EB8766-D69B-464D-B8F2-2C749BC62AA9}
	EndGlobalSection
EndGlobal
